
Microsoft Visual Studio Solution File, Format Version 12.00
# Visual Studio 14
VisualStudioVersion = 14.0.25420.1
MinimumVisualStudioVersion = 10.0.40219.1
Project("{FAE04EC0-301F-11D3-BF4B-00C04F79EFBC}") = "DecisionSupportSystem", "DecisionSupportSystem\DecisionSupportSystem.csproj", "{1AB77D17-1D34-4EE8-A710-3301EEAF4214}"
	ProjectSection(ProjectDependencies) = postProject
		{E4C3EBAF-9A38-472D-97AB-543FFCA8851D} = {E4C3EBAF-9A38-472D-97AB-543FFCA8851D}
		{587B26FC-F503-4BC0-AB3D-07AD2713C751} = {587B26FC-F503-4BC0-AB3D-07AD2713C751}
	EndProjectSection
EndProject
Project("{FAE04EC0-301F-11D3-BF4B-00C04F79EFBC}") = "BLL", "BLL\BLL.csproj", "{E4C3EBAF-9A38-472D-97AB-543FFCA8851D}"
	ProjectSection(ProjectDependencies) = postProject
		{A9608575-A53B-4E50-A6E2-25451D647A4A} = {A9608575-A53B-4E50-A6E2-25451D647A4A}
		{587B26FC-F503-4BC0-AB3D-07AD2713C751} = {587B26FC-F503-4BC0-AB3D-07AD2713C751}
	EndProjectSection
EndProject
Project("{FAE04EC0-301F-11D3-BF4B-00C04F79EFBC}") = "DAL", "DAL\DAL.csproj", "{A9608575-A53B-4E50-A6E2-25451D647A4A}"
EndProject
Project("{FAE04EC0-301F-11D3-BF4B-00C04F79EFBC}") = "VG", "VG\VG.csproj", "{587B26FC-F503-4BC0-AB3D-07AD2713C751}"
EndProject
Global
	GlobalSection(SolutionConfigurationPlatforms) = preSolution
		Debug|Any CPU = Debug|Any CPU
		Release|Any CPU = Release|Any CPU
	EndGlobalSection
	GlobalSection(ProjectConfigurationPlatforms) = postSolution
		{1AB77D17-1D34-4EE8-A710-3301EEAF4214}.Debug|Any CPU.ActiveCfg = Debug|Any CPU
		{1AB77D17-1D34-4EE8-A710-3301EEAF4214}.Debug|Any CPU.Build.0 = Debug|Any CPU
		{1AB77D17-1D34-4EE8-A710-3301EEAF4214}.Release|Any CPU.ActiveCfg = Release|Any CPU
		{1AB77D17-1D34-4EE8-A710-3301EEAF4214}.Release|Any CPU.Build.0 = Release|Any CPU
		{E4C3EBAF-9A38-472D-97AB-543FFCA8851D}.Debug|Any CPU.ActiveCfg = Debug|Any CPU
		{E4C3EBAF-9A38-472D-97AB-543FFCA8851D}.Debug|Any CPU.Build.0 = Debug|Any CPU
		{E4C3EBAF-9A38-472D-97AB-543FFCA8851D}.Release|Any CPU.ActiveCfg = Release|Any CPU
		{E4C3EBAF-9A38-472D-97AB-543FFCA8851D}.Release|Any CPU.Build.0 = Release|Any CPU
		{A9608575-A53B-4E50-A6E2-25451D647A4A}.Debug|Any CPU.ActiveCfg = Debug|Any CPU
		{A9608575-A53B-4E50-A6E2-25451D647A4A}.Debug|Any CPU.Build.0 = Debug|Any CPU
		{A9608575-A53B-4E50-A6E2-25451D647A4A}.Release|Any CPU.ActiveCfg = Release|Any CPU
		{A9608575-A53B-4E50-A6E2-25451D647A4A}.Release|Any CPU.Build.0 = Release|Any CPU
		{587B26FC-F503-4BC0-AB3D-07AD2713C751}.Debug|Any CPU.ActiveCfg = Debug|Any CPU
		{587B26FC-F503-4BC0-AB3D-07AD2713C751}.Debug|Any CPU.Build.0 = Debug|Any CPU
		{587B26FC-F503-4BC0-AB3D-07AD2713C751}.Release|Any CPU.ActiveCfg = Release|Any CPU
		{587B26FC-F503-4BC0-AB3D-07AD2713C751}.Release|Any CPU.Build.0 = Release|Any CPU
	EndGlobalSection
	GlobalSection(SolutionProperties) = preSolution
		HideSolutionNode = FALSE
	EndGlobalSection
EndGlobal
